
Microsoft Visual Studio Solution File, Format Version 12.00
# Visual Studio Version 16
VisualStudioVersion = 16.0.29326.143
MinimumVisualStudioVersion = 10.0.40219.1
Project("{FAE04EC0-301F-11D3-BF4B-00C04F79EFBC}") = "Lab.WebDriver", "Lab.WebDriver.csproj", "{B6260ABB-E1E6-4728-B888-7A782F48702B}"
EndProject
Project("{FAE04EC0-301F-11D3-BF4B-00C04F79EFBC}") = "5element.Test", "..\5element.Test\5element.Test.csproj", "{ED598FA3-451F-42A8-A7D5-CFDB3E9F8CAB}"
EndProject
Global
	GlobalSection(SolutionConfigurationPlatforms) = preSolution
		Debug|Any CPU = Debug|Any CPU
		Release|Any CPU = Release|Any CPU
	EndGlobalSection
	GlobalSection(ProjectConfigurationPlatforms) = postSolution
		{B6260ABB-E1E6-4728-B888-7A782F48702B}.Debug|Any CPU.ActiveCfg = Debug|Any CPU
		{B6260ABB-E1E6-4728-B888-7A782F48702B}.Debug|Any CPU.Build.0 = Debug|Any CPU
		{B6260ABB-E1E6-4728-B888-7A782F48702B}.Release|Any CPU.ActiveCfg = Release|Any CPU
		{B6260ABB-E1E6-4728-B888-7A782F48702B}.Release|Any CPU.Build.0 = Release|Any CPU
		{ED598FA3-451F-42A8-A7D5-CFDB3E9F8CAB}.Debug|Any CPU.ActiveCfg = Debug|Any CPU
		{ED598FA3-451F-42A8-A7D5-CFDB3E9F8CAB}.Debug|Any CPU.Build.0 = Debug|Any CPU
		{ED598FA3-451F-42A8-A7D5-CFDB3E9F8CAB}.Release|Any CPU.ActiveCfg = Release|Any CPU
		{ED598FA3-451F-42A8-A7D5-CFDB3E9F8CAB}.Release|Any CPU.Build.0 = Release|Any CPU
	EndGlobalSection
	GlobalSection(SolutionProperties) = preSolution
		HideSolutionNode = FALSE
	EndGlobalSection
	GlobalSection(ExtensibilityGlobals) = postSolution
		SolutionGuid = {1B93AF18-B446-4D55-B584-AD2BA2E2A9AE}
	EndGlobalSection
EndGlobal
